
Microsoft Visual Studio Solution File, Format Version 12.00
# Visual Studio 15
VisualStudioVersion = 15.0.28307.852
MinimumVisualStudioVersion = 10.0.40219.1
Project("{8BC9CEB8-8B4A-11D0-8D11-00A0C91BC942}") = "09월 1주차_시공의 폭풍 속으로 (★1)", "09월 1주차_시공의 폭풍 속으로 (★1)\09월 1주차_시공의 폭풍 속으로 (★1).vcxproj", "{DEF343EE-D9FF-4DCE-997B-25E673401377}"
EndProject
Global
	GlobalSection(SolutionConfigurationPlatforms) = preSolution
		Debug|x64 = Debug|x64
		Debug|x86 = Debug|x86
		Release|x64 = Release|x64
		Release|x86 = Release|x86
	EndGlobalSection
	GlobalSection(ProjectConfigurationPlatforms) = postSolution
		{DEF343EE-D9FF-4DCE-997B-25E673401377}.Debug|x64.ActiveCfg = Debug|x64
		{DEF343EE-D9FF-4DCE-997B-25E673401377}.Debug|x64.Build.0 = Debug|x64
		{DEF343EE-D9FF-4DCE-997B-25E673401377}.Debug|x86.ActiveCfg = Debug|Win32
		{DEF343EE-D9FF-4DCE-997B-25E673401377}.Debug|x86.Build.0 = Debug|Win32
		{DEF343EE-D9FF-4DCE-997B-25E673401377}.Release|x64.ActiveCfg = Release|x64
		{DEF343EE-D9FF-4DCE-997B-25E673401377}.Release|x64.Build.0 = Release|x64
		{DEF343EE-D9FF-4DCE-997B-25E673401377}.Release|x86.ActiveCfg = Release|Win32
		{DEF343EE-D9FF-4DCE-997B-25E673401377}.Release|x86.Build.0 = Release|Win32
	EndGlobalSection
	GlobalSection(SolutionProperties) = preSolution
		HideSolutionNode = FALSE
	EndGlobalSection
	GlobalSection(ExtensibilityGlobals) = postSolution
		SolutionGuid = {D2ED94D9-229C-4740-9D2B-7C1694F56EAB}
	EndGlobalSection
EndGlobal
